{
  "object": {
    "pins": [
      {
        "package": "AsyncOperationResult",
        "repositoryURL": "https://github.com/happn-tech/AsyncOperationResult.git",
        "state": {
          "branch": null,
          "revision": "058d4d66860193122f274cce70e5780e793e373c",
          "version": "1.0.6"
        }
      },
      {
        "package": "KVObserver",
        "repositoryURL": "https://github.com/happn-tech/KVObserver.git",
        "state": {
          "branch": null,
          "revision": "6b6252489a2b1cdb67857576962676b6cb6c679a",
          "version": "0.9.5"
        }
      }
    ]
  },
  "version": 1
}
