{
  "object": {
    "pins": [
      {
        "package": "AsyncOperationResult",
        "repositoryURL": "git@github.com:happn-app/AsyncOperationResult.git",
        "state": {
          "branch": null,
          "revision": "8d5cd339143bb7fd7da66d5977ce36325ccf51f1",
          "version": "1.0.3"
        }
      },
      {
        "package": "KVObserver",
        "repositoryURL": "git@github.com:happn-app/KVObserver.git",
        "state": {
          "branch": null,
          "revision": "55b0766fb7d7871137ac59cb032a78ce1ab2fb8f",
          "version": "0.9.3"
        }
      }
    ]
  },
  "version": 1
}
